
Microsoft Visual Studio Solution File, Format Version 12.00
# Visual Studio 14
VisualStudioVersion = 14.0.25123.0
MinimumVisualStudioVersion = 10.0.40219.1
Project("{FAE04EC0-301F-11D3-BF4B-00C04F79EFBC}") = "ConsoleUI", "JsonNetNullValueResolverDemo\ConsoleUI.csproj", "{F1862820-9670-4142-8D90-31EDBFEAE49A}"
EndProject
Project("{FAE04EC0-301F-11D3-BF4B-00C04F79EFBC}") = "JsonNetNullValueResolver", "JsonNetNullValueResolver\JsonNetNullValueResolver.csproj", "{B83B5A11-5164-42E4-89B5-BE7D2CE73F10}"
EndProject
Global
	GlobalSection(SolutionConfigurationPlatforms) = preSolution
		Debug|Any CPU = Debug|Any CPU
		Release|Any CPU = Release|Any CPU
	EndGlobalSection
	GlobalSection(ProjectConfigurationPlatforms) = postSolution
		{F1862820-9670-4142-8D90-31EDBFEAE49A}.Debug|Any CPU.ActiveCfg = Debug|Any CPU
		{F1862820-9670-4142-8D90-31EDBFEAE49A}.Debug|Any CPU.Build.0 = Debug|Any CPU
		{F1862820-9670-4142-8D90-31EDBFEAE49A}.Release|Any CPU.ActiveCfg = Release|Any CPU
		{F1862820-9670-4142-8D90-31EDBFEAE49A}.Release|Any CPU.Build.0 = Release|Any CPU
		{B83B5A11-5164-42E4-89B5-BE7D2CE73F10}.Debug|Any CPU.ActiveCfg = Debug|Any CPU
		{B83B5A11-5164-42E4-89B5-BE7D2CE73F10}.Debug|Any CPU.Build.0 = Debug|Any CPU
		{B83B5A11-5164-42E4-89B5-BE7D2CE73F10}.Release|Any CPU.ActiveCfg = Release|Any CPU
		{B83B5A11-5164-42E4-89B5-BE7D2CE73F10}.Release|Any CPU.Build.0 = Release|Any CPU
	EndGlobalSection
	GlobalSection(SolutionProperties) = preSolution
		HideSolutionNode = FALSE
	EndGlobalSection
EndGlobal
